Microsoft Visual Studio Solution File, Format Version 12.00
# Visual Studio Version 17
VisualStudioVersion = 17.5.2.0
MinimumVisualStudioVersion = 10.0.40219.1
Project("{FAE04EC0-301F-11D3-BF4B-00C04F79EFBC}") = "ExcelComparer", "ExcelComparer.csproj", "{B298CE3D-5C4A-A70A-2042-8E40EF50AD9D}"
EndProject
Global
	GlobalSection(SolutionConfigurationPlatforms) = preSolution
		Debug|Any CPU = Debug|Any CPU
		Release|Any CPU = Release|Any CPU
	EndGlobalSection
	GlobalSection(ProjectConfigurationPlatforms) = postSolution
		{B298CE3D-5C4A-A70A-2042-8E40EF50AD9D}.Debug|Any CPU.ActiveCfg = Debug|Any CPU
		{B298CE3D-5C4A-A70A-2042-8E40EF50AD9D}.Debug|Any CPU.Build.0 = Debug|Any CPU
		{B298CE3D-5C4A-A70A-2042-8E40EF50AD9D}.Release|Any CPU.ActiveCfg = Release|Any CPU
		{B298CE3D-5C4A-A70A-2042-8E40EF50AD9D}.Release|Any CPU.Build.0 = Release|Any CPU
	EndGlobalSection
	GlobalSection(SolutionProperties) = preSolution
		HideSolutionNode = FALSE
	EndGlobalSection
	GlobalSection(ExtensibilityGlobals) = postSolution
		SolutionGuid = {0BC77538-6025-417D-A8BA-604D5A39F1BA}
	EndGlobalSection
EndGlobal
